{
  "name": "runtype-persona-collect-payment",
  "version": "0.0.0",
  "lockfileVersion": 3,
  "requires": true,
  "packages": {
    "": {
      "name": "runtype-persona-collect-payment",
      "version": "0.0.0",
      "dependencies": {
        "@runtypelabs/persona": "4.22.0"
      },
      "engines": {
        "node": ">=20"
      }
    },
    "node_modules/@mcp-b/webmcp-polyfill": {
      "version": "5.1.0",
      "resolved": "https://registry.npmjs.org/@mcp-b/webmcp-polyfill/-/webmcp-polyfill-5.1.0.tgz",
      "integrity": "sha512-KL09hniFssPY8HBO3qzurWPqm+1JYRwV3wx6x2XSySgo+6BL1XHGsHGIoAO7U9zzigv7TA5keNBoZ+3P1jq18g==",
      "license": "MIT",
      "dependencies": {
        "@mcp-b/webmcp-types": "5.1.0",
        "@standard-schema/spec": "^1.1.0"
      },
      "engines": {
        "node": ">=20"
      }
    },
    "node_modules/@mcp-b/webmcp-types": {
      "version": "5.1.0",
      "resolved": "https://registry.npmjs.org/@mcp-b/webmcp-types/-/webmcp-types-5.1.0.tgz",
      "integrity": "sha512-twOKDUr7al60K890HvRcNvoHSfQ2rnGeKJiQs6eUr+Leg+LQ6K+yz3F4K70jykMK1a09ZIgYb3Oc7mAypuKPig==",
      "license": "MIT",
      "dependencies": {
        "@modelcontextprotocol/server": "2.0.0"
      },
      "engines": {
        "node": ">=20"
      }
    },
    "node_modules/@modelcontextprotocol/core": {
      "version": "2.0.0",
      "resolved": "https://registry.npmjs.org/@modelcontextprotocol/core/-/core-2.0.0.tgz",
      "integrity": "sha512-pJCEwGG7Lfr/+PQp9ZTwKXNeO5wzbfKL7H3MYpCorM4oFBoQrdjnBgEoqG+RjhsvS1FKrDbKux+M1HhlnGWqcA==",
      "license": "MIT",
      "dependencies": {
        "zod": "^4.2.0"
      },
      "engines": {
        "node": ">=20"
      }
    },
    "node_modules/@modelcontextprotocol/server": {
      "version": "2.0.0",
      "resolved": "https://registry.npmjs.org/@modelcontextprotocol/server/-/server-2.0.0.tgz",
      "integrity": "sha512-YhHWdHfpFMQfd0prsEnxKeS3Qz3ytIGmsS0sth4KDjnacIT7hxk6hXHkJ9KysxlkvTM+WZAtQbbcUhdoP4Hvtw==",
      "license": "MIT",
      "dependencies": {
        "@modelcontextprotocol/core": "2.0.0",
        "zod": "^4.2.0"
      },
      "engines": {
        "node": ">=20"
      }
    },
    "node_modules/@runtypelabs/persona": {
      "version": "4.22.0",
      "resolved": "https://registry.npmjs.org/@runtypelabs/persona/-/persona-4.22.0.tgz",
      "integrity": "sha512-AcjrormNgmA2G8U8BNqPIcyYNbmlNoIf6ibJSbPtJNjzCvlDWAvleve1ySBiJN8dvoBkQV0dCqoGx2ZUdrckhg==",
      "license": "MIT",
      "dependencies": {
        "@mcp-b/webmcp-polyfill": "^5.1.0",
        "dompurify": "^3.4.13",
        "idiomorph": "^0.7.4",
        "lucide": "^1.18.0",
        "marked": "^12.0.2",
        "partial-json": "^0.1.7"
      },
      "engines": {
        "node": ">=20.0.0"
      }
    },
    "node_modules/@standard-schema/spec": {
      "version": "1.1.0",
      "resolved": "https://registry.npmjs.org/@standard-schema/spec/-/spec-1.1.0.tgz",
      "integrity": "sha512-l2aFy5jALhniG5HgqrD6jXLi/rUWrKvqN/qJx6yoJsgKhblVd+iqqU4RCXavm/jPityDo5TCvKMnpjKnOriy0w==",
      "license": "MIT"
    },
    "node_modules/@types/trusted-types": {
      "version": "2.0.7",
      "resolved": "https://registry.npmjs.org/@types/trusted-types/-/trusted-types-2.0.7.tgz",
      "integrity": "sha512-ScaPdn1dQczgbl0QFTeTOmVHFULt394XJgOQNoyVhZ6r2vLnMLJfBPd53SB52T/3G36VI1/g2MZaX0cwDuXsfw==",
      "license": "MIT",
      "optional": true
    },
    "node_modules/dompurify": {
      "version": "3.4.16",
      "resolved": "https://registry.npmjs.org/dompurify/-/dompurify-3.4.16.tgz",
      "integrity": "sha512-sqo+pNp3qRhCIpbgRi1y8Tgk27Bo2Ry7w0dC1NBeNTdZChWjz9Xb/KOoZbRP/R6pQZ80Qw8YhXw13hWWBbMRnQ==",
      "license": "(MPL-2.0 OR Apache-2.0)",
      "optionalDependencies": {
        "@types/trusted-types": "^2.0.7"
      }
    },
    "node_modules/idiomorph": {
      "version": "0.7.4",
      "resolved": "https://registry.npmjs.org/idiomorph/-/idiomorph-0.7.4.tgz",
      "integrity": "sha512-uCdSpLo3uMfqOmrwXTpR1k/sq4sSmKC7l4o/LdJOEU+MMMq+wkevRqOQYn3lP7vfz9Mv+USBEqPvi0XhdL9ENw==",
      "license": "0BSD"
    },
    "node_modules/lucide": {
      "version": "1.48.0",
      "resolved": "https://registry.npmjs.org/lucide/-/lucide-1.48.0.tgz",
      "integrity": "sha512-8FglIlGkcIItJjJfLUiqAufUCdbtnTOsdG02/fxXd4oIt+NrcrEVH8t0ZcKAfawxHckorO5qJ9XDfnJbdf0TOg==",
      "license": "ISC"
    },
    "node_modules/marked": {
      "version": "12.0.2",
      "resolved": "https://registry.npmjs.org/marked/-/marked-12.0.2.tgz",
      "integrity": "sha512-qXUm7e/YKFoqFPYPa3Ukg9xlI5cyAtGmyEIzMfW//m6kXwCy2Ps9DYf5ioijFKQ8qyuscrHoY04iJGctu2Kg0Q==",
      "license": "MIT",
      "bin": {
        "marked": "bin/marked.js"
      },
      "engines": {
        "node": ">= 18"
      }
    },
    "node_modules/partial-json": {
      "version": "0.1.7",
      "resolved": "https://registry.npmjs.org/partial-json/-/partial-json-0.1.7.tgz",
      "integrity": "sha512-Njv/59hHaokb/hRUjce3Hdv12wd60MtM9Z5Olmn+nehe0QDAsRtRbJPvJ0Z91TusF0SuZRIvnM+S4l6EIP8leA==",
      "license": "MIT"
    },
    "node_modules/zod": {
      "version": "4.6.5",
      "resolved": "https://registry.npmjs.org/zod/-/zod-4.6.5.tgz",
      "integrity": "sha512-v5l/aFXZQeai4awLbOpSoHecE9UiMrnfx75tEXLjNonXVARxQ5mOeipTjROUchszUNCqnE+hqAMujRsRHsut2Q==",
      "license": "MIT",
      "funding": {
        "url": "https://github.com/sponsors/colinhacks"
      }
    }
  }
}
